{
  "name": "Entregable-Librerias",
  "lockfileVersion": 2,
  "requires": true,
  "packages": {
    "": {
      "dependencies": {
        "hours-minutes-seconds": "^2.0.0"
      }
    },
    "node_modules/hours-minutes-seconds": {
      "version": "2.0.0",
      "resolved": "https://registry.npmjs.org/hours-minutes-seconds/-/hours-minutes-seconds-2.0.0.tgz",
      "integrity": "sha512-NiBcI8S5udbOFi+q/RnVg7/Yohab3MsqnZhWAuVDxMgORiM7DZDvRKhwoTG6ufFMu4UbOScQWdM9VVFKLfWY3w=="
    }
  },
  "dependencies": {
    "hours-minutes-seconds": {
      "version": "2.0.0",
      "resolved": "https://registry.npmjs.org/hours-minutes-seconds/-/hours-minutes-seconds-2.0.0.tgz",
      "integrity": "sha512-NiBcI8S5udbOFi+q/RnVg7/Yohab3MsqnZhWAuVDxMgORiM7DZDvRKhwoTG6ufFMu4UbOScQWdM9VVFKLfWY3w=="
    }
  }
}
